<?xml version="1.0" encoding="utf-8"?>
<Project ToolsVersion="4.0" xmlns="http://schemas.microsoft.com/developer/msbuild/2003">
  <ItemGroup>
    <Filter Include="Source Files">
      <UniqueIdentifier>{4FC737F1-C7A5-4376-A066-2A32D752A2FF}</UniqueIdentifier>
      <Extensions>cpp;c;cc;cxx;c++;cppm;ixx;def;odl;idl;hpj;bat;asm;asmx</Extensions>
    </Filter>
    <Filter Include="Header Files">
      <UniqueIdentifier>{93995380-89BD-4b04-88EB-625FBE52EBFB}</UniqueIdentifier>
      <Extensions>h;hh;hpp;hxx;h++;hm;inl;inc;ipp;xsd</Extensions>
    </Filter>
    <Filter Include="Overlays">
      <UniqueIdentifier>{4e722490-89b1-476c-8f11-f855725e5074}</UniqueIdentifier>
    </Filter>
    <Filter Include="Overlays\ClayAbrawl">
      <UniqueIdentifier>{8a12ed8f-5e32-450f-8ec9-985d3e5cde32}</UniqueIdentifier>
    </Filter>
  </ItemGroup>
  <ItemGroup>
    <None Include="src\DirectXHook.def">
      <Filter>Source Files</Filter>
    </None>
    <None Include="packages.config" />
    <None Include="third_party\mem\cpp.hint" />
    <None Include="assets\SpawnPoints.json" />
  </ItemGroup>
  <ItemGroup>
    <ClCompile Include="src\DirectXHook.cpp">
      <Filter>Source Files</Filter>
    </ClCompile>
    <ClCompile Include="src\DllMain.cpp">
      <Filter>Source Files</Filter>
    </ClCompile>
    <ClCompile Include="src\Renderer.cpp">
      <Filter>Source Files</Filter>
    </ClCompile>
    <ClCompile Include="eldenwarfare\EldenWarfare.cpp">
      <Filter>Source Files</Filter>
    </ClCompile>
    <ClCompile Include="eldenwarfare\p2p\core\SteamInterfaceProvider.cpp">
      <Filter>Source Files</Filter>
    </ClCompile>
    <ClCompile Include="eldenwarfare\p2p\P2PLobby.cpp">
      <Filter>Source Files</Filter>
    </ClCompile>
    <ClCompile Include="third_party\hde\hde64.c">
      <Filter>Source Files</Filter>
    </ClCompile>
    <ClCompile Include="eldenwarfare\utils\SigScan.cpp">
      <Filter>Source Files</Filter>
    </ClCompile>
    <ClCompile Include="eldenwarfare\utils\HookSetup.cpp">
      <Filter>Source Files</Filter>
    </ClCompile>
    <ClCompile Include="third_party\minhook\src\buffer.c">
      <Filter>Source Files</Filter>
    </ClCompile>
    <ClCompile Include="third_party\minhook\src\hook.c">
      <Filter>Source Files</Filter>
    </ClCompile>
    <ClCompile Include="third_party\minhook\src\trampoline.c">
      <Filter>Source Files</Filter>
    </ClCompile>
    <ClCompile Include="third_party\vector3\Vector3.cpp">
      <Filter>Source Files</Filter>
    </ClCompile>
    <ClCompile Include="eldenwarfare\p2p\game\BrawlManager.cpp">
      <Filter>Source Files</Filter>
    </ClCompile>
    <ClCompile Include="eldenwarfare\p2p\game\TeamFightManager.cpp">
      <Filter>Source Files</Filter>
    </ClCompile>
    <ClCompile Include="third_party\inih\INIReader.cpp">
      <Filter>Source Files</Filter>
    </ClCompile>
    <ClCompile Include="third_party\inih\ini.c">
      <Filter>Source Files</Filter>
    </ClCompile>
  </ItemGroup>
  <ItemGroup>
    <FxCompile Include="src\Shaders.hlsl">
      <Filter>Source Files</Filter>
    </FxCompile>
  </ItemGroup>
  <ItemGroup>
    <ClInclude Include="include\DirectXHook.h">
      <Filter>Header Files</Filter>
    </ClInclude>
    <ClInclude Include="include\IRenderCallback.h">
      <Filter>Header Files</Filter>
    </ClInclude>
    <ClInclude Include="include\Logger.h">
      <Filter>Header Files</Filter>
    </ClInclude>
    <ClInclude Include="include\MemoryUtils.h">
      <Filter>Header Files</Filter>
    </ClInclude>
    <ClInclude Include="include\OverlayFramework.h">
      <Filter>Header Files</Filter>
    </ClInclude>
    <ClInclude Include="include\Renderer.h">
      <Filter>Header Files</Filter>
    </ClInclude>
    <ClInclude Include="include\ID3DRenderer.h">
      <Filter>Header Files</Filter>
    </ClInclude>
    <ClInclude Include="include\ParamEditor.h">
      <Filter>Header Files</Filter>
    </ClInclude>
    <ClInclude Include="eldenwarfare\EldenWarfare.h">
      <Filter>Header Files</Filter>
    </ClInclude>
    <ClInclude Include="eldenwarfare\p2p\core\SteamInterfaceProvider.h">
      <Filter>Header Files</Filter>
    </ClInclude>
    <ClInclude Include="eldenwarfare\p2p\game\BrawlManager.h">
      <Filter>Header Files</Filter>
    </ClInclude>
    <ClInclude Include="eldenwarfare\p2p\data\P2PLobbyData.h">
      <Filter>Header Files</Filter>
    </ClInclude>
    <ClInclude Include="eldenwarfare\p2p\P2PLobby.h">
      <Filter>Header Files</Filter>
    </ClInclude>
    <ClInclude Include="third_party\hde\hde64.h">
      <Filter>Header Files</Filter>
    </ClInclude>
    <ClInclude Include="third_party\mem\aligned_alloc.h">
      <Filter>Header Files</Filter>
    </ClInclude>
    <ClInclude Include="third_party\mem\arch.h">
      <Filter>Header Files</Filter>
    </ClInclude>
    <ClInclude Include="third_party\mem\bitwise_enum.h">
      <Filter>Header Files</Filter>
    </ClInclude>
    <ClInclude Include="third_party\mem\boyer_moore_scanner.h">
      <Filter>Header Files</Filter>
    </ClInclude>
    <ClInclude Include="third_party\mem\char_queue.h">
      <Filter>Header Files</Filter>
    </ClInclude>
    <ClInclude Include="third_party\mem\cmd_param-inl.h">
      <Filter>Header Files</Filter>
    </ClInclude>
    <ClInclude Include="third_party\mem\cmd_param.h">
      <Filter>Header Files</Filter>
    </ClInclude>
    <ClInclude Include="third_party\mem\data_buffer.h">
      <Filter>Header Files</Filter>
    </ClInclude>
    <ClInclude Include="third_party\mem\defines.h">
      <Filter>Header Files</Filter>
    </ClInclude>
    <ClInclude Include="third_party\mem\execution_handler.h">
      <Filter>Header Files</Filter>
    </ClInclude>
    <ClInclude Include="third_party\mem\hasher.h">
      <Filter>Header Files</Filter>
    </ClInclude>
    <ClInclude Include="third_party\mem\init_function.h">
      <Filter>Header Files</Filter>
    </ClInclude>
    <ClInclude Include="third_party\mem\macros.h">
      <Filter>Header Files</Filter>
    </ClInclude>
    <ClInclude Include="third_party\mem\mem.h">
      <Filter>Header Files</Filter>
    </ClInclude>
    <ClInclude Include="third_party\mem\module.h">
      <Filter>Header Files</Filter>
    </ClInclude>
    <ClInclude Include="third_party\mem\pattern.h">
      <Filter>Header Files</Filter>
    </ClInclude>
    <ClInclude Include="third_party\mem\pattern_cache.h">
      <Filter>Header Files</Filter>
    </ClInclude>
    <ClInclude Include="third_party\mem\protect.h">
      <Filter>Header Files</Filter>
    </ClInclude>
    <ClInclude Include="third_party\mem\prot_flags.h">
      <Filter>Header Files</Filter>
    </ClInclude>
    <ClInclude Include="third_party\mem\rtti.h">
      <Filter>Header Files</Filter>
    </ClInclude>
    <ClInclude Include="third_party\mem\simd_scanner.h">
      <Filter>Header Files</Filter>
    </ClInclude>
    <ClInclude Include="third_party\mem\slice.h">
      <Filter>Header Files</Filter>
    </ClInclude>
    <ClInclude Include="third_party\mem\stub.h">
      <Filter>Header Files</Filter>
    </ClInclude>
    <ClInclude Include="third_party\mem\utils.h">
      <Filter>Header Files</Filter>
    </ClInclude>
    <ClInclude Include="include\Pointer.h">
      <Filter>Header Files</Filter>
    </ClInclude>
    <ClInclude Include="include\SigScan.h">
      <Filter>Header Files</Filter>
    </ClInclude>
    <ClInclude Include="include\Global.h">
      <Filter>Header Files</Filter>
    </ClInclude>
    <ClInclude Include="param\EquipParamGoods.h">
      <Filter>Header Files</Filter>
    </ClInclude>
    <ClInclude Include="include\HookSetup.h">
      <Filter>Header Files</Filter>
    </ClInclude>
    <ClInclude Include="third_party\minhook\include\MinHook.h">
      <Filter>Header Files</Filter>
    </ClInclude>
    <ClInclude Include="third_party\minhook\src\trampoline.h">
      <Filter>Header Files</Filter>
    </ClInclude>
    <ClInclude Include="third_party\minhook\src\buffer.h">
      <Filter>Header Files</Filter>
    </ClInclude>
    <ClInclude Include="include\Text.h">
      <Filter>Header Files</Filter>
    </ClInclude>
    <ClInclude Include="third_party\vector3\Vector3.hpp">
      <Filter>Header Files</Filter>
    </ClInclude>
    <ClInclude Include="include\Map.h">
      <Filter>Header Files</Filter>
    </ClInclude>
    <ClInclude Include="include\Item.h">
      <Filter>Header Files</Filter>
    </ClInclude>
    <ClInclude Include="include\Player.h">
      <Filter>Header Files</Filter>
    </ClInclude>
    <ClInclude Include="include\Menu.h">
      <Filter>Header Files</Filter>
    </ClInclude>
    <ClInclude Include="eldenwarfare\p2p\game\TeamFightManager.h">
      <Filter>Header Files</Filter>
    </ClInclude>
    <ClInclude Include="include\Seamless.h">
      <Filter>Header Files</Filter>
    </ClInclude>
    <ClInclude Include="include\Damage.h">
      <Filter>Header Files</Filter>
    </ClInclude>
    <ClInclude Include="param\FeTextEffectParam.h">
      <Filter>Header Files</Filter>
    </ClInclude>
    <ClInclude Include="include\Death.h">
      <Filter>Header Files</Filter>
    </ClInclude>
    <ClInclude Include="include\OverflowHandler.h">
      <Filter>Header Files</Filter>
    </ClInclude>
    <ClInclude Include="include\VFTHook.h">
      <Filter>Header Files</Filter>
    </ClInclude>
    <ClInclude Include="include\RTTIScanner.h">
      <Filter>Header Files</Filter>
    </ClInclude>
    <ClInclude Include="include\PE.h">
      <Filter>Header Files</Filter>
    </ClInclude>
    <ClInclude Include="include\HookTemplates.h">
      <Filter>Header Files</Filter>
    </ClInclude>
    <ClInclude Include="include\Timer.h">
      <Filter>Header Files</Filter>
    </ClInclude>
    <ClInclude Include="include\SpEffect.h">
      <Filter>Header Files</Filter>
    </ClInclude>
    <ClInclude Include="include\json.hpp">
      <Filter>Header Files</Filter>
    </ClInclude>
    <ClInclude Include="third_party\inih\INIReader.h">
      <Filter>Header Files</Filter>
    </ClInclude>
    <ClInclude Include="third_party\inih\ini.h">
      <Filter>Header Files</Filter>
    </ClInclude>
    <ClInclude Include="include\Settings.h">
      <Filter>Header Files</Filter>
    </ClInclude>
  </ItemGroup>
  <ItemGroup>
    <MASM Include="src\Jump.asm">
      <Filter>Source Files</Filter>
    </MASM>
  </ItemGroup>
</Project>